
Microsoft Visual Studio Solution File, Format Version 12.00
# Visual Studio 15
VisualStudioVersion = 15.0.26730.10
MinimumVisualStudioVersion = 10.0.40219.1
Project("{9A19103F-16F7-4668-BE54-9A1E7A4F7556}") = "NVelocity", "Library\Common\NVelocity\NVelocity.csproj", "{EDD619C4-AA6D-458D-9408-58E55041EFD7}"
EndProject
Project("{9A19103F-16F7-4668-BE54-9A1E7A4F7556}") = "CPFrameWork.Utility", "Library\Common\CPFrameWork.Utility\CPFrameWork.Utility.csproj", "{7506733A-FF0B-4EB8-AA5F-7E11BCA970E8}"
EndProject
Project("{2150E333-8FDC-42A3-9474-1A3956D46DE8}") = "基础类库", "基础类库", "{77ED4057-40D1-4404-BA9C-0BFC62070ED8}"
EndProject
Project("{9A19103F-16F7-4668-BE54-9A1E7A4F7556}") = "CPFrameWork.Global", "Library\Common\CPFrameWork.Global\CPFrameWork.Global.csproj", "{4144E7C2-BD30-43E2-85A5-48BB409777EE}"
EndProject
Project("{2150E333-8FDC-42A3-9474-1A3956D46DE8}") = "通用工具", "通用工具", "{FA42FF42-F795-4ACE-A2B8-1A319D7A2FF3}"
EndProject
Project("{9A19103F-16F7-4668-BE54-9A1E7A4F7556}") = "CPFrameWork.Organ", "Library\Plat\CPFrameWork.Organ\CPFrameWork.Organ.csproj", "{1A202183-6636-4F1B-A630-13DC8BD63A0C}"
EndProject
Project("{9A19103F-16F7-4668-BE54-9A1E7A4F7556}") = "CPFrameWork", "CPSite\CPFrameWork.csproj", "{4EE65348-AFA3-4D3C-AF77-63150086B7B3}"
EndProject
Project("{9A19103F-16F7-4668-BE54-9A1E7A4F7556}") = "CPFrameWork.UIInterface", "Library\Plat\CPFrameWork.UIInterface\CPFrameWork.UIInterface.csproj", "{0D2F286B-5050-4776-9E9F-EC768DB86D42}"
EndProject
Project("{9A19103F-16F7-4668-BE54-9A1E7A4F7556}") = "UEditorNetCore", "Library\Common\UEditorNetCore\UEditorNetCore.csproj", "{8EE962DD-6AEE-4609-8111-B290BB028A2E}"
EndProject
Project("{9A19103F-16F7-4668-BE54-9A1E7A4F7556}") = "CPFameWork.Portal", "Library\Plat\CPFameWork.Portal\CPFameWork.Portal.csproj", "{59828E65-02C8-422B-8427-D41340A1B63D}"
EndProject
Project("{2150E333-8FDC-42A3-9474-1A3956D46DE8}") = "二次开发示例代码", "二次开发示例代码", "{E48DC1E7-BEE9-4285-BF90-B19C41D3773A}"
EndProject
Project("{9A19103F-16F7-4668-BE54-9A1E7A4F7556}") = "CPSDKExample", "SDKTest\CPSDKExample\CPSDKExample.csproj", "{4E3A42CB-C2A4-4214-99AF-AE7701636521}"
EndProject
Project("{FAE04EC0-301F-11D3-BF4B-00C04F79EFBC}") = "CPFrameWork.Flow", "Library\Plat\CPFrameWork.Flow\CPFrameWork.Flow.csproj", "{A2C46538-E3B9-4BE8-9652-432439D392AE}"
EndProject
Global
	GlobalSection(SolutionConfigurationPlatforms) = preSolution
		Debug|Any CPU = Debug|Any CPU
		Release|Any CPU = Release|Any CPU
	EndGlobalSection
	GlobalSection(ProjectConfigurationPlatforms) = postSolution
		{EDD619C4-AA6D-458D-9408-58E55041EFD7}.Debug|Any CPU.ActiveCfg = Debug|Any CPU
		{EDD619C4-AA6D-458D-9408-58E55041EFD7}.Debug|Any CPU.Build.0 = Debug|Any CPU
		{EDD619C4-AA6D-458D-9408-58E55041EFD7}.Release|Any CPU.ActiveCfg = Release|Any CPU
		{EDD619C4-AA6D-458D-9408-58E55041EFD7}.Release|Any CPU.Build.0 = Release|Any CPU
		{7506733A-FF0B-4EB8-AA5F-7E11BCA970E8}.Debug|Any CPU.ActiveCfg = Debug|Any CPU
		{7506733A-FF0B-4EB8-AA5F-7E11BCA970E8}.Debug|Any CPU.Build.0 = Debug|Any CPU
		{7506733A-FF0B-4EB8-AA5F-7E11BCA970E8}.Release|Any CPU.ActiveCfg = Release|Any CPU
		{7506733A-FF0B-4EB8-AA5F-7E11BCA970E8}.Release|Any CPU.Build.0 = Release|Any CPU
		{4144E7C2-BD30-43E2-85A5-48BB409777EE}.Debug|Any CPU.ActiveCfg = Debug|Any CPU
		{4144E7C2-BD30-43E2-85A5-48BB409777EE}.Debug|Any CPU.Build.0 = Debug|Any CPU
		{4144E7C2-BD30-43E2-85A5-48BB409777EE}.Release|Any CPU.ActiveCfg = Release|Any CPU
		{4144E7C2-BD30-43E2-85A5-48BB409777EE}.Release|Any CPU.Build.0 = Release|Any CPU
		{1A202183-6636-4F1B-A630-13DC8BD63A0C}.Debug|Any CPU.ActiveCfg = Debug|Any CPU
		{1A202183-6636-4F1B-A630-13DC8BD63A0C}.Debug|Any CPU.Build.0 = Debug|Any CPU
		{1A202183-6636-4F1B-A630-13DC8BD63A0C}.Release|Any CPU.ActiveCfg = Release|Any CPU
		{1A202183-6636-4F1B-A630-13DC8BD63A0C}.Release|Any CPU.Build.0 = Release|Any CPU
		{4EE65348-AFA3-4D3C-AF77-63150086B7B3}.Debug|Any CPU.ActiveCfg = Debug|Any CPU
		{4EE65348-AFA3-4D3C-AF77-63150086B7B3}.Debug|Any CPU.Build.0 = Debug|Any CPU
		{4EE65348-AFA3-4D3C-AF77-63150086B7B3}.Release|Any CPU.ActiveCfg = Release|Any CPU
		{4EE65348-AFA3-4D3C-AF77-63150086B7B3}.Release|Any CPU.Build.0 = Release|Any CPU
		{0D2F286B-5050-4776-9E9F-EC768DB86D42}.Debug|Any CPU.ActiveCfg = Debug|Any CPU
		{0D2F286B-5050-4776-9E9F-EC768DB86D42}.Debug|Any CPU.Build.0 = Debug|Any CPU
		{0D2F286B-5050-4776-9E9F-EC768DB86D42}.Release|Any CPU.ActiveCfg = Release|Any CPU
		{0D2F286B-5050-4776-9E9F-EC768DB86D42}.Release|Any CPU.Build.0 = Release|Any CPU
		{8EE962DD-6AEE-4609-8111-B290BB028A2E}.Debug|Any CPU.ActiveCfg = Debug|Any CPU
		{8EE962DD-6AEE-4609-8111-B290BB028A2E}.Debug|Any CPU.Build.0 = Debug|Any CPU
		{8EE962DD-6AEE-4609-8111-B290BB028A2E}.Release|Any CPU.ActiveCfg = Release|Any CPU
		{8EE962DD-6AEE-4609-8111-B290BB028A2E}.Release|Any CPU.Build.0 = Release|Any CPU
		{59828E65-02C8-422B-8427-D41340A1B63D}.Debug|Any CPU.ActiveCfg = Debug|Any CPU
		{59828E65-02C8-422B-8427-D41340A1B63D}.Debug|Any CPU.Build.0 = Debug|Any CPU
		{59828E65-02C8-422B-8427-D41340A1B63D}.Release|Any CPU.ActiveCfg = Release|Any CPU
		{59828E65-02C8-422B-8427-D41340A1B63D}.Release|Any CPU.Build.0 = Release|Any CPU
		{4E3A42CB-C2A4-4214-99AF-AE7701636521}.Debug|Any CPU.ActiveCfg = Debug|Any CPU
		{4E3A42CB-C2A4-4214-99AF-AE7701636521}.Debug|Any CPU.Build.0 = Debug|Any CPU
		{4E3A42CB-C2A4-4214-99AF-AE7701636521}.Release|Any CPU.ActiveCfg = Release|Any CPU
		{4E3A42CB-C2A4-4214-99AF-AE7701636521}.Release|Any CPU.Build.0 = Release|Any CPU
		{A2C46538-E3B9-4BE8-9652-432439D392AE}.Debug|Any CPU.ActiveCfg = Debug|Any CPU
		{A2C46538-E3B9-4BE8-9652-432439D392AE}.Debug|Any CPU.Build.0 = Debug|Any CPU
		{A2C46538-E3B9-4BE8-9652-432439D392AE}.Release|Any CPU.ActiveCfg = Release|Any CPU
		{A2C46538-E3B9-4BE8-9652-432439D392AE}.Release|Any CPU.Build.0 = Release|Any CPU
	EndGlobalSection
	GlobalSection(SolutionProperties) = preSolution
		HideSolutionNode = FALSE
	EndGlobalSection
	GlobalSection(NestedProjects) = preSolution
		{EDD619C4-AA6D-458D-9408-58E55041EFD7} = {77ED4057-40D1-4404-BA9C-0BFC62070ED8}
		{7506733A-FF0B-4EB8-AA5F-7E11BCA970E8} = {77ED4057-40D1-4404-BA9C-0BFC62070ED8}
		{4144E7C2-BD30-43E2-85A5-48BB409777EE} = {77ED4057-40D1-4404-BA9C-0BFC62070ED8}
		{1A202183-6636-4F1B-A630-13DC8BD63A0C} = {FA42FF42-F795-4ACE-A2B8-1A319D7A2FF3}
		{0D2F286B-5050-4776-9E9F-EC768DB86D42} = {FA42FF42-F795-4ACE-A2B8-1A319D7A2FF3}
		{8EE962DD-6AEE-4609-8111-B290BB028A2E} = {FA42FF42-F795-4ACE-A2B8-1A319D7A2FF3}
		{59828E65-02C8-422B-8427-D41340A1B63D} = {FA42FF42-F795-4ACE-A2B8-1A319D7A2FF3}
		{4E3A42CB-C2A4-4214-99AF-AE7701636521} = {E48DC1E7-BEE9-4285-BF90-B19C41D3773A}
		{A2C46538-E3B9-4BE8-9652-432439D392AE} = {FA42FF42-F795-4ACE-A2B8-1A319D7A2FF3}
	EndGlobalSection
	GlobalSection(ExtensibilityGlobals) = postSolution
		SolutionGuid = {2A16D96F-1905-479E-BF3F-D59ED5F67CEB}
	EndGlobalSection
EndGlobal
